
Microsoft Visual Studio Solution File, Format Version 12.00
# Visual Studio 15
VisualStudioVersion = 15.0.28307.329
MinimumVisualStudioVersion = 10.0.40219.1
Project("{9A19103F-16F7-4668-BE54-9A1E7A4F7556}") = "git-branches", "src\git-branches\git-branches.csproj", "{656ADCC1-640C-442E-9718-B63326923A42}"
EndProject
Global
	GlobalSection(SolutionConfigurationPlatforms) = preSolution
		Debug|Any CPU = Debug|Any CPU
		Release|Any CPU = Release|Any CPU
	EndGlobalSection
	GlobalSection(ProjectConfigurationPlatforms) = postSolution
		{656ADCC1-640C-442E-9718-B63326923A42}.Debug|Any CPU.ActiveCfg = Debug|Any CPU
		{656ADCC1-640C-442E-9718-B63326923A42}.Debug|Any CPU.Build.0 = Debug|Any CPU
		{656ADCC1-640C-442E-9718-B63326923A42}.Release|Any CPU.ActiveCfg = Release|Any CPU
		{656ADCC1-640C-442E-9718-B63326923A42}.Release|Any CPU.Build.0 = Release|Any CPU
	EndGlobalSection
	GlobalSection(SolutionProperties) = preSolution
		HideSolutionNode = FALSE
	EndGlobalSection
	GlobalSection(ExtensibilityGlobals) = postSolution
		SolutionGuid = {3772D16E-498C-4C57-992E-1B38FA841A78}
	EndGlobalSection
EndGlobal
